{
  "version": 4,
  "terraform_version": "1.1.3",
  "serial": 4,
  "lineage": "a2f93246-0c18-7873-35ba-eb66917edbc8",
  "outputs": {},
  "resources": [
    {
      "mode": "managed",
      "type": "aws_s3_bucket",
      "name": "s3_buck",
      "provider": "provider[\"registry.terraform.io/hashicorp/aws\"]",
      "instances": [
        {
          "schema_version": 0,
          "attributes": {
            "acceleration_status": "",
            "acl": null,
            "arn": "arn:aws:s3:::vaibhaw-demo",
            "bucket": "vaibhaw-demo",
            "bucket_domain_name": "vaibhaw-demo.s3.amazonaws.com",
            "bucket_prefix": null,
            "bucket_regional_domain_name": "vaibhaw-demo.s3.amazonaws.com",
            "cors_rule": [],
            "force_destroy": false,
            "grant": [
              {
                "id": "dd183ae7e13bc1ab20c5577d29a72f9c49d92ab9d7120a7a52ceec75ad1998ef",
                "permissions": [
                  "FULL_CONTROL"
                ],
                "type": "CanonicalUser",
                "uri": ""
              }
            ],
            "hosted_zone_id": "Z3AQBSTGFYJSTF",
            "id": "vaibhaw-demo",
            "lifecycle_rule": [],
            "logging": [],
            "object_lock_configuration": [],
            "object_lock_enabled": false,
            "policy": "",
            "region": "us-east-1",
            "replication_configuration": [],
            "request_payer": "BucketOwner",
            "server_side_encryption_configuration": [],
            "tags": {
              "Name": "vaibhaw-demo"
            },
            "tags_all": {
              "Name": "vaibhaw-demo"
            },
            "versioning": [
              {
                "enabled": false,
                "mfa_delete": false
              }
            ],
            "website": [],
            "website_domain": null,
            "website_endpoint": null
          },
          "sensitive_attributes": [],
          "private": "bnVsbA=="
        }
      ]
    },
    {
      "mode": "managed",
      "type": "aws_s3_bucket_acl",
      "name": "buck_acl",
      "provider": "provider[\"registry.terraform.io/hashicorp/aws\"]",
      "instances": [
        {
          "schema_version": 0,
          "attributes": {
            "access_control_policy": [
              {
                "grant": [
                  {
                    "grantee": [
                      {
                        "display_name": "sre-auto-aws-account-snd",
                        "email_address": "",
                        "id": "dd183ae7e13bc1ab20c5577d29a72f9c49d92ab9d7120a7a52ceec75ad1998ef",
                        "type": "CanonicalUser",
                        "uri": ""
                      }
                    ],
                    "permission": "FULL_CONTROL"
                  }
                ],
                "owner": [
                  {
                    "display_name": "sre-auto-aws-account-snd",
                    "id": "dd183ae7e13bc1ab20c5577d29a72f9c49d92ab9d7120a7a52ceec75ad1998ef"
                  }
                ]
              }
            ],
            "acl": "private",
            "bucket": "vaibhaw-demo",
            "expected_bucket_owner": "",
            "id": "vaibhaw-demo,private"
          },
          "sensitive_attributes": [],
          "private": "bnVsbA==",
          "dependencies": [
            "aws_s3_bucket.s3_buck"
          ]
        }
      ]
    },
    {
      "mode": "managed",
      "type": "aws_s3_bucket_versioning",
      "name": "versioning",
      "provider": "provider[\"registry.terraform.io/hashicorp/aws\"]",
      "instances": [
        {
          "schema_version": 0,
          "attributes": {
            "bucket": "vaibhaw-demo",
            "expected_bucket_owner": "",
            "id": "vaibhaw-demo",
            "mfa": null,
            "versioning_configuration": [
              {
                "mfa_delete": "",
                "status": "Enabled"
              }
            ]
          },
          "sensitive_attributes": [],
          "private": "bnVsbA==",
          "dependencies": [
            "aws_s3_bucket.s3_buck"
          ]
        }
      ]
    }
  ]
}
